
Microsoft Visual Studio Solution File, Format Version 12.00
# Visual Studio Version 17
VisualStudioVersion = 17.5.33516.290
MinimumVisualStudioVersion = 10.0.40219.1
Project("{9A19103F-16F7-4668-BE54-9A1E7A4F7556}") = "CloudCake", "src\CloudCake\CloudCake.csproj", "{DA5587F1-E953-43DD-8958-CA6C675E9F47}"
EndProject
Project("{2150E333-8FDC-42A3-9474-1A3956D46DE8}") = "src", "src", "{780342FC-D7CA-4AA3-B94E-D43FE72BF675}"
EndProject
Global
	GlobalSection(SolutionConfigurationPlatforms) = preSolution
		Debug|Any CPU = Debug|Any CPU
		Release|Any CPU = Release|Any CPU
	EndGlobalSection
	GlobalSection(ProjectConfigurationPlatforms) = postSolution
		{DA5587F1-E953-43DD-8958-CA6C675E9F47}.Debug|Any CPU.ActiveCfg = Debug|Any CPU
		{DA5587F1-E953-43DD-8958-CA6C675E9F47}.Debug|Any CPU.Build.0 = Debug|Any CPU
		{DA5587F1-E953-43DD-8958-CA6C675E9F47}.Release|Any CPU.ActiveCfg = Release|Any CPU
		{DA5587F1-E953-43DD-8958-CA6C675E9F47}.Release|Any CPU.Build.0 = Release|Any CPU
	EndGlobalSection
	GlobalSection(SolutionProperties) = preSolution
		HideSolutionNode = FALSE
	EndGlobalSection
	GlobalSection(NestedProjects) = preSolution
		{DA5587F1-E953-43DD-8958-CA6C675E9F47} = {780342FC-D7CA-4AA3-B94E-D43FE72BF675}
	EndGlobalSection
	GlobalSection(ExtensibilityGlobals) = postSolution
		SolutionGuid = {340FA9D6-C877-4C21-8745-97C30AF844D4}
	EndGlobalSection
EndGlobal
